Microsoft Visual Studio Solution File, Format Version 12.00
# Visual Studio Version 17
VisualStudioVersion = 17.5.2.0
MinimumVisualStudioVersion = 10.0.40219.1
Project("{2150E333-8FDC-42A3-9474-1A3956D46DE8}") = "Ejercicio 1", "Ejercicio 1", "{3C8F5768-BCD1-ABFF-A4C0-3489D846AB24}"
EndProject
Project("{2150E333-8FDC-42A3-9474-1A3956D46DE8}") = "Ejercicio 2", "Ejercicio 2", "{2C9D22D3-0092-01B1-852F-81688A83C8F1}"
EndProject
Project("{2150E333-8FDC-42A3-9474-1A3956D46DE8}") = "Ejercicio 3", "Ejercicio 3", "{21E4E8B3-A22C-0BEF-34D6-D51ADCAA19A5}"
EndProject
Project("{FAE04EC0-301F-11D3-BF4B-00C04F79EFBC}") = "ejercicio3", "Ejercicio 1\ejercicio3\ejercicio3.csproj", "{E843232F-CD50-03B2-6E28-44129E45C212}"
EndProject
Project("{FAE04EC0-301F-11D3-BF4B-00C04F79EFBC}") = "ejercicio2", "Ejercicio 2\ejercicio2\ejercicio2.csproj", "{5DCA5183-D4FE-855F-E09A-D2E65EE948BF}"
EndProject
Project("{FAE04EC0-301F-11D3-BF4B-00C04F79EFBC}") = "ejercicio3", "Ejercicio 3\ejercicio3\ejercicio3.csproj", "{68B9B9A2-A0F8-91F5-EA56-809E368C430D}"
EndProject
Global
	GlobalSection(SolutionConfigurationPlatforms) = preSolution
		Debug|Any CPU = Debug|Any CPU
		Release|Any CPU = Release|Any CPU
	EndGlobalSection
	GlobalSection(ProjectConfigurationPlatforms) = postSolution
		{E843232F-CD50-03B2-6E28-44129E45C212}.Debug|Any CPU.ActiveCfg = Debug|Any CPU
		{E843232F-CD50-03B2-6E28-44129E45C212}.Debug|Any CPU.Build.0 = Debug|Any CPU
		{E843232F-CD50-03B2-6E28-44129E45C212}.Release|Any CPU.ActiveCfg = Release|Any CPU
		{E843232F-CD50-03B2-6E28-44129E45C212}.Release|Any CPU.Build.0 = Release|Any CPU
		{5DCA5183-D4FE-855F-E09A-D2E65EE948BF}.Debug|Any CPU.ActiveCfg = Debug|Any CPU
		{5DCA5183-D4FE-855F-E09A-D2E65EE948BF}.Debug|Any CPU.Build.0 = Debug|Any CPU
		{5DCA5183-D4FE-855F-E09A-D2E65EE948BF}.Release|Any CPU.ActiveCfg = Release|Any CPU
		{5DCA5183-D4FE-855F-E09A-D2E65EE948BF}.Release|Any CPU.Build.0 = Release|Any CPU
		{68B9B9A2-A0F8-91F5-EA56-809E368C430D}.Debug|Any CPU.ActiveCfg = Debug|Any CPU
		{68B9B9A2-A0F8-91F5-EA56-809E368C430D}.Debug|Any CPU.Build.0 = Debug|Any CPU
		{68B9B9A2-A0F8-91F5-EA56-809E368C430D}.Release|Any CPU.ActiveCfg = Release|Any CPU
		{68B9B9A2-A0F8-91F5-EA56-809E368C430D}.Release|Any CPU.Build.0 = Release|Any CPU
	EndGlobalSection
	GlobalSection(SolutionProperties) = preSolution
		HideSolutionNode = FALSE
	EndGlobalSection
	GlobalSection(NestedProjects) = preSolution
		{E843232F-CD50-03B2-6E28-44129E45C212} = {3C8F5768-BCD1-ABFF-A4C0-3489D846AB24}
		{5DCA5183-D4FE-855F-E09A-D2E65EE948BF} = {2C9D22D3-0092-01B1-852F-81688A83C8F1}
		{68B9B9A2-A0F8-91F5-EA56-809E368C430D} = {21E4E8B3-A22C-0BEF-34D6-D51ADCAA19A5}
	EndGlobalSection
	GlobalSection(ExtensibilityGlobals) = postSolution
		SolutionGuid = {36622A0B-BBB8-47F4-ACA7-ACA92C065266}
	EndGlobalSection
EndGlobal
